
Microsoft Visual Studio Solution File, Format Version 12.00
# Visual Studio Version 17
VisualStudioVersion = 17.6.33829.357
MinimumVisualStudioVersion = 10.0.40219.1
Project("{FAE04EC0-301F-11D3-BF4B-00C04F79EFBC}") = "ConsoleApp1", "ConsoleApp1\ConsoleApp1.csproj", "{750A8640-9495-400D-BA91-42494C6829F6}"
EndProject
Global
	GlobalSection(SolutionConfigurationPlatforms) = preSolution
		Debug|Any CPU = Debug|Any CPU
		Release|Any CPU = Release|Any CPU
	EndGlobalSection
	GlobalSection(ProjectConfigurationPlatforms) = postSolution
		{750A8640-9495-400D-BA91-42494C6829F6}.Debug|Any CPU.ActiveCfg = Debug|Any CPU
		{750A8640-9495-400D-BA91-42494C6829F6}.Debug|Any CPU.Build.0 = Debug|Any CPU
		{750A8640-9495-400D-BA91-42494C6829F6}.Release|Any CPU.ActiveCfg = Release|Any CPU
		{750A8640-9495-400D-BA91-42494C6829F6}.Release|Any CPU.Build.0 = Release|Any CPU
	EndGlobalSection
	GlobalSection(SolutionProperties) = preSolution
		HideSolutionNode = FALSE
	EndGlobalSection
	GlobalSection(ExtensibilityGlobals) = postSolution
		SolutionGuid = {DC533873-DA37-4577-9019-3C305C888716}
	EndGlobalSection
EndGlobal
