
Microsoft Visual Studio Solution File, Format Version 12.00
# Visual Studio Version 17
VisualStudioVersion = 17.6.33829.357
MinimumVisualStudioVersion = 10.0.40219.1
Project("{FAE04EC0-301F-11D3-BF4B-00C04F79EFBC}") = "Aula02_Exercicio04", "Aula02_Exercicio04\Aula02_Exercicio04.csproj", "{ACA5F21B-C7A9-44E7-94AD-237339809E7E}"
EndProject
Global
	GlobalSection(SolutionConfigurationPlatforms) = preSolution
		Debug|Any CPU = Debug|Any CPU
		Release|Any CPU = Release|Any CPU
	EndGlobalSection
	GlobalSection(ProjectConfigurationPlatforms) = postSolution
		{ACA5F21B-C7A9-44E7-94AD-237339809E7E}.Debug|Any CPU.ActiveCfg = Debug|Any CPU
		{ACA5F21B-C7A9-44E7-94AD-237339809E7E}.Debug|Any CPU.Build.0 = Debug|Any CPU
		{ACA5F21B-C7A9-44E7-94AD-237339809E7E}.Release|Any CPU.ActiveCfg = Release|Any CPU
		{ACA5F21B-C7A9-44E7-94AD-237339809E7E}.Release|Any CPU.Build.0 = Release|Any CPU
	EndGlobalSection
	GlobalSection(SolutionProperties) = preSolution
		HideSolutionNode = FALSE
	EndGlobalSection
	GlobalSection(ExtensibilityGlobals) = postSolution
		SolutionGuid = {8FA52C26-F567-4181-AA03-775C29DF695D}
	EndGlobalSection
EndGlobal
